{
  "name": "app",
  "version": "1.0.0",
  "lockfileVersion": 1,
  "requires": true,
  "dependencies": {
    "leaflet": {
      "version": "1.0.1",
      "resolved": "https://registry.npmjs.org/leaflet/-/leaflet-1.0.1.tgz",
      "integrity": "sha1-WGjDibVWzYVIEZj/i/5ZqN4JMts="
    },
    "wrld.js": {
      "version": "0.1.1453",
      "resolved": "https://registry.npmjs.org/wrld.js/-/wrld.js-0.1.1453.tgz",
      "integrity": "sha1-lGnMDT4kjeUvF/bM5G31Sy8y7JM=",
      "requires": {
        "leaflet": "1.0.1"
      }
    }
  }
}
